
Microsoft Visual Studio Solution File, Format Version 12.00
# Visual Studio Version 17
VisualStudioVersion = 17.0.31903.59
MinimumVisualStudioVersion = 10.0.40219.1
Project("{9A19103F-16F7-4668-BE54-9A1E7A4F7556}") = "BeerQuiz.Server", "BeerQuiz\Server\BeerQuiz.Server.csproj", "{A041DB24-A403-4E2D-8D61-2053102AC698}"
EndProject
Project("{9A19103F-16F7-4668-BE54-9A1E7A4F7556}") = "BeerQuiz.Client", "BeerQuiz\Client\BeerQuiz.Client.csproj", "{297B0CE9-76D3-4D0E-8F6B-F6AA055CD641}"
EndProject
Project("{9A19103F-16F7-4668-BE54-9A1E7A4F7556}") = "BeerQuiz.Core", "BeerQuiz\Core\BeerQuiz.Core.csproj", "{827BE17A-137F-4C59-9665-4020169D1DBA}"
EndProject
Project("{9A19103F-16F7-4668-BE54-9A1E7A4F7556}") = "BeerQuiz.Infrastructure", "BeerQuiz\Infrastructure\BeerQuiz.Infrastructure.csproj", "{2E8BDFA2-10AB-46E3-80AD-170DC25EB320}"
EndProject
Global
	GlobalSection(SolutionConfigurationPlatforms) = preSolution
		Debug|Any CPU = Debug|Any CPU
		Release|Any CPU = Release|Any CPU
	EndGlobalSection
	GlobalSection(ProjectConfigurationPlatforms) = postSolution
		{A041DB24-A403-4E2D-8D61-2053102AC698}.Debug|Any CPU.ActiveCfg = Debug|Any CPU
		{A041DB24-A403-4E2D-8D61-2053102AC698}.Debug|Any CPU.Build.0 = Debug|Any CPU
		{A041DB24-A403-4E2D-8D61-2053102AC698}.Release|Any CPU.ActiveCfg = Release|Any CPU
		{A041DB24-A403-4E2D-8D61-2053102AC698}.Release|Any CPU.Build.0 = Release|Any CPU
		{297B0CE9-76D3-4D0E-8F6B-F6AA055CD641}.Debug|Any CPU.ActiveCfg = Debug|Any CPU
		{297B0CE9-76D3-4D0E-8F6B-F6AA055CD641}.Debug|Any CPU.Build.0 = Debug|Any CPU
		{297B0CE9-76D3-4D0E-8F6B-F6AA055CD641}.Release|Any CPU.ActiveCfg = Release|Any CPU
		{297B0CE9-76D3-4D0E-8F6B-F6AA055CD641}.Release|Any CPU.Build.0 = Release|Any CPU
		{827BE17A-137F-4C59-9665-4020169D1DBA}.Debug|Any CPU.ActiveCfg = Debug|Any CPU
		{827BE17A-137F-4C59-9665-4020169D1DBA}.Debug|Any CPU.Build.0 = Debug|Any CPU
		{827BE17A-137F-4C59-9665-4020169D1DBA}.Release|Any CPU.ActiveCfg = Release|Any CPU
		{827BE17A-137F-4C59-9665-4020169D1DBA}.Release|Any CPU.Build.0 = Release|Any CPU
		{2E8BDFA2-10AB-46E3-80AD-170DC25EB320}.Debug|Any CPU.ActiveCfg = Debug|Any CPU
		{2E8BDFA2-10AB-46E3-80AD-170DC25EB320}.Debug|Any CPU.Build.0 = Debug|Any CPU
		{2E8BDFA2-10AB-46E3-80AD-170DC25EB320}.Release|Any CPU.ActiveCfg = Release|Any CPU
		{2E8BDFA2-10AB-46E3-80AD-170DC25EB320}.Release|Any CPU.Build.0 = Release|Any CPU
	EndGlobalSection
	GlobalSection(SolutionProperties) = preSolution
		HideSolutionNode = FALSE
	EndGlobalSection
	GlobalSection(ExtensibilityGlobals) = postSolution
		SolutionGuid = {1FCDCED5-F25E-4378-AE58-5FB82DECFBBB}
	EndGlobalSection
EndGlobal
